
Microsoft Visual Studio Solution File, Format Version 12.00
# Visual Studio Version 17
VisualStudioVersion = 17.3.32819.101
MinimumVisualStudioVersion = 10.0.40219.1
Project("{9A19103F-16F7-4668-BE54-9A1E7A4F7556}") = "OpenCodeChems.Server", "OpenCodeChems.Server.csproj", "{F44D15B1-A761-466D-847A-31CAE734DD36}"
EndProject
Global
	GlobalSection(SolutionConfigurationPlatforms) = preSolution
		Debug|Any CPU = Debug|Any CPU
		ExportDebug|Any CPU = ExportDebug|Any CPU
		ExportRelease|Any CPU = ExportRelease|Any CPU
		Release|Any CPU = Release|Any CPU
	EndGlobalSection
	GlobalSection(ProjectConfigurationPlatforms) = postSolution
		{F44D15B1-A761-466D-847A-31CAE734DD36}.Debug|Any CPU.ActiveCfg = Debug|Any CPU
		{F44D15B1-A761-466D-847A-31CAE734DD36}.Debug|Any CPU.Build.0 = Debug|Any CPU
		{F44D15B1-A761-466D-847A-31CAE734DD36}.ExportDebug|Any CPU.ActiveCfg = ExportDebug|Any CPU
		{F44D15B1-A761-466D-847A-31CAE734DD36}.ExportDebug|Any CPU.Build.0 = ExportDebug|Any CPU
		{F44D15B1-A761-466D-847A-31CAE734DD36}.ExportRelease|Any CPU.ActiveCfg = ExportRelease|Any CPU
		{F44D15B1-A761-466D-847A-31CAE734DD36}.ExportRelease|Any CPU.Build.0 = ExportRelease|Any CPU
		{F44D15B1-A761-466D-847A-31CAE734DD36}.Release|Any CPU.ActiveCfg = ExportRelease|Any CPU
		{F44D15B1-A761-466D-847A-31CAE734DD36}.Release|Any CPU.Build.0 = ExportRelease|Any CPU
	EndGlobalSection
	GlobalSection(SolutionProperties) = preSolution
		HideSolutionNode = FALSE
	EndGlobalSection
	GlobalSection(ExtensibilityGlobals) = postSolution
		SolutionGuid = {925AF6C5-D660-4433-8F40-830AC9EDA0A0}
	EndGlobalSection
EndGlobal
