
Microsoft Visual Studio Solution File, Format Version 12.00
# Visual Studio Version 17
VisualStudioVersion = 17.3.32819.101
MinimumVisualStudioVersion = 10.0.40219.1
Project("{FAE04EC0-301F-11D3-BF4B-00C04F79EFBC}") = "OpenCodeChems.Server.DataAccess", "..\OpenCodeChems.Server.DataAccess\OpenCodeChems.Server.DataAccess.csproj", "{AE0E2F90-F247-49FF-93D0-61D866DE5A3D}"
EndProject
Project("{FAE04EC0-301F-11D3-BF4B-00C04F79EFBC}") = "OpenCodeChems.Server.BusinessLogic", "..\OpenCodeChems.Server.BusinessLogic\OpenCodeChems.Server.BusinessLogic.csproj", "{E9954D32-3812-45D6-B2C7-8B0AF68FAC4F}"
EndProject
Project("{FAE04EC0-301F-11D3-BF4B-00C04F79EFBC}") = "OpenCodeChems.Service", "OpenCodeChems.Service\OpenCodeChems.Service.csproj", "{C2723385-1BE8-495E-946D-30B7DEAC0BC3}"
EndProject
Global
	GlobalSection(SolutionConfigurationPlatforms) = preSolution
		Debug|Any CPU = Debug|Any CPU
		Release|Any CPU = Release|Any CPU
	EndGlobalSection
	GlobalSection(ProjectConfigurationPlatforms) = postSolution
		{AE0E2F90-F247-49FF-93D0-61D866DE5A3D}.Debug|Any CPU.ActiveCfg = Debug|Any CPU
		{AE0E2F90-F247-49FF-93D0-61D866DE5A3D}.Debug|Any CPU.Build.0 = Debug|Any CPU
		{AE0E2F90-F247-49FF-93D0-61D866DE5A3D}.Release|Any CPU.ActiveCfg = Release|Any CPU
		{AE0E2F90-F247-49FF-93D0-61D866DE5A3D}.Release|Any CPU.Build.0 = Release|Any CPU
		{E9954D32-3812-45D6-B2C7-8B0AF68FAC4F}.Debug|Any CPU.ActiveCfg = Debug|Any CPU
		{E9954D32-3812-45D6-B2C7-8B0AF68FAC4F}.Debug|Any CPU.Build.0 = Debug|Any CPU
		{E9954D32-3812-45D6-B2C7-8B0AF68FAC4F}.Release|Any CPU.ActiveCfg = Release|Any CPU
		{E9954D32-3812-45D6-B2C7-8B0AF68FAC4F}.Release|Any CPU.Build.0 = Release|Any CPU
		{C2723385-1BE8-495E-946D-30B7DEAC0BC3}.Debug|Any CPU.ActiveCfg = Debug|Any CPU
		{C2723385-1BE8-495E-946D-30B7DEAC0BC3}.Debug|Any CPU.Build.0 = Debug|Any CPU
		{C2723385-1BE8-495E-946D-30B7DEAC0BC3}.Release|Any CPU.ActiveCfg = Release|Any CPU
		{C2723385-1BE8-495E-946D-30B7DEAC0BC3}.Release|Any CPU.Build.0 = Release|Any CPU
	EndGlobalSection
	GlobalSection(SolutionProperties) = preSolution
		HideSolutionNode = FALSE
	EndGlobalSection
	GlobalSection(ExtensibilityGlobals) = postSolution
		SolutionGuid = {3B6ED2F4-EF91-458E-851D-E8AA698F60BE}
	EndGlobalSection
EndGlobal
