
Microsoft Visual Studio Solution File, Format Version 12.00
# Visual Studio Version 17
VisualStudioVersion = 17.3.32819.101
MinimumVisualStudioVersion = 10.0.40219.1
Project("{FAE04EC0-301F-11D3-BF4B-00C04F79EFBC}") = "OpenCodeChems.Server.BusinessLogic", "..\OpenCodeChems.Server.BusinessLogic\OpenCodeChems.Server.BusinessLogic.csproj", "{BAA34BAF-B32C-4BE4-BACE-BDCE27F291FB}"
EndProject
Project("{FAE04EC0-301F-11D3-BF4B-00C04F79EFBC}") = "OpenCodeChems.Server.DataAccess", "..\OpenCodeChems.Server.DataAccess\OpenCodeChems.Server.DataAccess.csproj", "{ED3AA902-9469-42D7-9515-AA8B5035A4D0}"
EndProject
Global
	GlobalSection(SolutionConfigurationPlatforms) = preSolution
		Debug|Any CPU = Debug|Any CPU
		Release|Any CPU = Release|Any CPU
	EndGlobalSection
	GlobalSection(ProjectConfigurationPlatforms) = postSolution
		{BAA34BAF-B32C-4BE4-BACE-BDCE27F291FB}.Debug|Any CPU.ActiveCfg = Debug|Any CPU
		{BAA34BAF-B32C-4BE4-BACE-BDCE27F291FB}.Debug|Any CPU.Build.0 = Debug|Any CPU
		{BAA34BAF-B32C-4BE4-BACE-BDCE27F291FB}.Release|Any CPU.ActiveCfg = Release|Any CPU
		{BAA34BAF-B32C-4BE4-BACE-BDCE27F291FB}.Release|Any CPU.Build.0 = Release|Any CPU
		{ED3AA902-9469-42D7-9515-AA8B5035A4D0}.Debug|Any CPU.ActiveCfg = Debug|Any CPU
		{ED3AA902-9469-42D7-9515-AA8B5035A4D0}.Debug|Any CPU.Build.0 = Debug|Any CPU
		{ED3AA902-9469-42D7-9515-AA8B5035A4D0}.Release|Any CPU.ActiveCfg = Release|Any CPU
		{ED3AA902-9469-42D7-9515-AA8B5035A4D0}.Release|Any CPU.Build.0 = Release|Any CPU
	EndGlobalSection
	GlobalSection(SolutionProperties) = preSolution
		HideSolutionNode = FALSE
	EndGlobalSection
	GlobalSection(ExtensibilityGlobals) = postSolution
		SolutionGuid = {4FEDDB6B-0237-4ED3-9801-246C66D9F9D3}
	EndGlobalSection
EndGlobal
