Microsoft Visual Studio Solution File, Format Version 12.00
# Visual Studio 2012
Project("{FAE04EC0-301F-11D3-BF4B-00C04F79EFBC}") = "Open- Code Chems", "Open- Code Chems.csproj", "{B888EF7D-BE17-4676-8623-4FB26D30EA5D}"
EndProject
Global
	GlobalSection(SolutionConfigurationPlatforms) = preSolution
	Debug|Any CPU = Debug|Any CPU
	ExportDebug|Any CPU = ExportDebug|Any CPU
	ExportRelease|Any CPU = ExportRelease|Any CPU
	EndGlobalSection
	GlobalSection(ProjectConfigurationPlatforms) = postSolution
		{B888EF7D-BE17-4676-8623-4FB26D30EA5D}.Debug|Any CPU.ActiveCfg = Debug|Any CPU
		{B888EF7D-BE17-4676-8623-4FB26D30EA5D}.Debug|Any CPU.Build.0 = Debug|Any CPU
		{B888EF7D-BE17-4676-8623-4FB26D30EA5D}.ExportDebug|Any CPU.ActiveCfg = ExportDebug|Any CPU
		{B888EF7D-BE17-4676-8623-4FB26D30EA5D}.ExportDebug|Any CPU.Build.0 = ExportDebug|Any CPU
		{B888EF7D-BE17-4676-8623-4FB26D30EA5D}.ExportRelease|Any CPU.ActiveCfg = ExportRelease|Any CPU
		{B888EF7D-BE17-4676-8623-4FB26D30EA5D}.ExportRelease|Any CPU.Build.0 = ExportRelease|Any CPU
	EndGlobalSection
EndGlobal
